
Microsoft Visual Studio Solution File, Format Version 10.00
# Visual Studio 2008
Project("{8BC9CEB8-8B4A-11D0-8D11-00A0C91BC942}") = "wusb", "wusb.vcproj", "{E0B871BE-FB39-4A92-9E85-E652B66F3DF4}"
EndProject
Global
	GlobalSection(SolutionConfigurationPlatforms) = preSolution
		Debug|Win32 = Debug|Win32
		Release|Win32 = Release|Win32
	EndGlobalSection
	GlobalSection(ProjectConfigurationPlatforms) = postSolution
		{E0B871BE-FB39-4A92-9E85-E652B66F3DF4}.Debug|Win32.ActiveCfg = Debug|Win32
		{E0B871BE-FB39-4A92-9E85-E652B66F3DF4}.Debug|Win32.Build.0 = Debug|Win32
		{E0B871BE-FB39-4A92-9E85-E652B66F3DF4}.Release|Win32.ActiveCfg = Release|Win32
		{E0B871BE-FB39-4A92-9E85-E652B66F3DF4}.Release|Win32.Build.0 = Release|Win32
	EndGlobalSection
	GlobalSection(SolutionProperties) = preSolution
		HideSolutionNode = FALSE
	EndGlobalSection
EndGlobal
